
Microsoft Visual Studio Solution File, Format Version 12.00
# Visual Studio Version 17
VisualStudioVersion = 17.3.32811.315
MinimumVisualStudioVersion = 10.0.40219.1
Project("{FAE04EC0-301F-11D3-BF4B-00C04F79EFBC}") = "SuperMart Inventory Management system", "SuperMart Inventory Management system.csproj", "{29A6D93D-C26C-4069-8AF0-9A28A7B45EEA}"
EndProject
Global
	GlobalSection(SolutionConfigurationPlatforms) = preSolution
		Debug|Any CPU = Debug|Any CPU
		Release|Any CPU = Release|Any CPU
	EndGlobalSection
	GlobalSection(ProjectConfigurationPlatforms) = postSolution
		{29A6D93D-C26C-4069-8AF0-9A28A7B45EEA}.Debug|Any CPU.ActiveCfg = Debug|Any CPU
		{29A6D93D-C26C-4069-8AF0-9A28A7B45EEA}.Debug|Any CPU.Build.0 = Debug|Any CPU
		{29A6D93D-C26C-4069-8AF0-9A28A7B45EEA}.Release|Any CPU.ActiveCfg = Release|Any CPU
		{29A6D93D-C26C-4069-8AF0-9A28A7B45EEA}.Release|Any CPU.Build.0 = Release|Any CPU
	EndGlobalSection
	GlobalSection(SolutionProperties) = preSolution
		HideSolutionNode = FALSE
	EndGlobalSection
	GlobalSection(ExtensibilityGlobals) = postSolution
		SolutionGuid = {386E8F35-BE90-4699-9515-C054644C2725}
	EndGlobalSection
EndGlobal
